
Microsoft Visual Studio Solution File, Format Version 12.00
# Visual Studio Version 16
VisualStudioVersion = 16.0.29209.152
MinimumVisualStudioVersion = 10.0.40219.1
Project("{9A19103F-16F7-4668-BE54-9A1E7A4F7556}") = "RibbonFileManager", "RibbonFileManager\RibbonFileManager.csproj", "{B26B0933-4304-4F36-95F9-B120332A5151}"
EndProject
Project("{9A19103F-16F7-4668-BE54-9A1E7A4F7556}") = "Classic", "skins\Classic\Classic.csproj", "{9EE33CBB-2FCF-41E9-B251-92F48091FE6E}"
EndProject
Project("{9A19103F-16F7-4668-BE54-9A1E7A4F7556}") = "Plex", "skins\Plex\Plex.csproj", "{A949EE02-776C-4E72-BB8E-4C82645A9232}"
EndProject
Global
	GlobalSection(SolutionConfigurationPlatforms) = preSolution
		Debug|Any CPU = Debug|Any CPU
		Release|Any CPU = Release|Any CPU
	EndGlobalSection
	GlobalSection(ProjectConfigurationPlatforms) = postSolution
		{B26B0933-4304-4F36-95F9-B120332A5151}.Debug|Any CPU.ActiveCfg = Debug|Any CPU
		{B26B0933-4304-4F36-95F9-B120332A5151}.Debug|Any CPU.Build.0 = Debug|Any CPU
		{B26B0933-4304-4F36-95F9-B120332A5151}.Release|Any CPU.ActiveCfg = Release|Any CPU
		{B26B0933-4304-4F36-95F9-B120332A5151}.Release|Any CPU.Build.0 = Release|Any CPU
		{9EE33CBB-2FCF-41E9-B251-92F48091FE6E}.Debug|Any CPU.ActiveCfg = Debug|Any CPU
		{9EE33CBB-2FCF-41E9-B251-92F48091FE6E}.Debug|Any CPU.Build.0 = Debug|Any CPU
		{9EE33CBB-2FCF-41E9-B251-92F48091FE6E}.Release|Any CPU.ActiveCfg = Release|Any CPU
		{9EE33CBB-2FCF-41E9-B251-92F48091FE6E}.Release|Any CPU.Build.0 = Release|Any CPU
		{A949EE02-776C-4E72-BB8E-4C82645A9232}.Debug|Any CPU.ActiveCfg = Debug|Any CPU
		{A949EE02-776C-4E72-BB8E-4C82645A9232}.Debug|Any CPU.Build.0 = Debug|Any CPU
		{A949EE02-776C-4E72-BB8E-4C82645A9232}.Release|Any CPU.ActiveCfg = Release|Any CPU
		{A949EE02-776C-4E72-BB8E-4C82645A9232}.Release|Any CPU.Build.0 = Release|Any CPU
	EndGlobalSection
	GlobalSection(SolutionProperties) = preSolution
		HideSolutionNode = FALSE
	EndGlobalSection
	GlobalSection(ExtensibilityGlobals) = postSolution
		SolutionGuid = {B8FC6930-FC9B-4EAF-845B-3E0A27BA357D}
	EndGlobalSection
EndGlobal
