
Microsoft Visual Studio Solution File, Format Version 12.00
# Visual Studio 15
VisualStudioVersion = 15.0.27428.2011
MinimumVisualStudioVersion = 10.0.40219.1
Project("{FAE04EC0-301F-11D3-BF4B-00C04F79EFBC}") = "RibbonFileManager", "RibbonFileManager\RibbonFileManager.csproj", "{B9974378-62FC-4CD7-A72C-39A087DAD3D2}"
EndProject
Project("{FAE04EC0-301F-11D3-BF4B-00C04F79EFBC}") = "RibbonFileManager.Adapter", "RibbonFileManager.Adapter\RibbonFileManager.Adapter.csproj", "{CB384261-5BCF-4A22-8665-5C01B1F71C9E}"
EndProject
Project("{FAE04EC0-301F-11D3-BF4B-00C04F79EFBC}") = "RibbonFileManager.View", "RibbonFileManager.View\RibbonFileManager.View.csproj", "{0802E603-5220-4B5F-B28B-1784FA308E17}"
EndProject
Global
	GlobalSection(SolutionConfigurationPlatforms) = preSolution
		Debug|Any CPU = Debug|Any CPU
		Release|Any CPU = Release|Any CPU
	EndGlobalSection
	GlobalSection(ProjectConfigurationPlatforms) = postSolution
		{B9974378-62FC-4CD7-A72C-39A087DAD3D2}.Debug|Any CPU.ActiveCfg = Debug|Any CPU
		{B9974378-62FC-4CD7-A72C-39A087DAD3D2}.Debug|Any CPU.Build.0 = Debug|Any CPU
		{B9974378-62FC-4CD7-A72C-39A087DAD3D2}.Release|Any CPU.ActiveCfg = Release|Any CPU
		{B9974378-62FC-4CD7-A72C-39A087DAD3D2}.Release|Any CPU.Build.0 = Release|Any CPU
		{CB384261-5BCF-4A22-8665-5C01B1F71C9E}.Debug|Any CPU.ActiveCfg = Debug|Any CPU
		{CB384261-5BCF-4A22-8665-5C01B1F71C9E}.Debug|Any CPU.Build.0 = Debug|Any CPU
		{CB384261-5BCF-4A22-8665-5C01B1F71C9E}.Release|Any CPU.ActiveCfg = Release|Any CPU
		{CB384261-5BCF-4A22-8665-5C01B1F71C9E}.Release|Any CPU.Build.0 = Release|Any CPU
		{0802E603-5220-4B5F-B28B-1784FA308E17}.Debug|Any CPU.ActiveCfg = Debug|Any CPU
		{0802E603-5220-4B5F-B28B-1784FA308E17}.Debug|Any CPU.Build.0 = Debug|Any CPU
		{0802E603-5220-4B5F-B28B-1784FA308E17}.Release|Any CPU.ActiveCfg = Release|Any CPU
		{0802E603-5220-4B5F-B28B-1784FA308E17}.Release|Any CPU.Build.0 = Release|Any CPU
	EndGlobalSection
	GlobalSection(SolutionProperties) = preSolution
		HideSolutionNode = FALSE
	EndGlobalSection
	GlobalSection(ExtensibilityGlobals) = postSolution
		SolutionGuid = {A5986305-8B8F-4F09-A47B-F71B3F8AABA2}
	EndGlobalSection
EndGlobal
